// !$*UTF8*$!
{
	archiveVersion = 1;
	classes = {
	};
	objectVersion = 55;
	objects = {

/* Begin PBXBuildFile section */
		280ABA02274AA21400203006 /* PerformanceTests.swift in Sources */ = {isa = PBXBuildFile; fileRef = 2827DF3F274AA0B3006CEB12 /* PerformanceTests.swift */; };
		280ABA1027504F7B00203006 /* AwardsView.swift in Sources */ = {isa = PBXBuildFile; fileRef = 280ABA0527504F7B00203006 /* AwardsView.swift */; };
		280ABA1127504F7B00203006 /* ProjectHeaderView.swift in Sources */ = {isa = PBXBuildFile; fileRef = 280ABA0627504F7B00203006 /* ProjectHeaderView.swift */; };
		280ABA1227504F7B00203006 /* EditProjectView.swift in Sources */ = {isa = PBXBuildFile; fileRef = 280ABA0727504F7B00203006 /* EditProjectView.swift */; };
		280ABA1327504F7B00203006 /* EditItemView.swift in Sources */ = {isa = PBXBuildFile; fileRef = 280ABA0827504F7B00203006 /* EditItemView.swift */; };
		280ABA1427504F7B00203006 /* ItemListView.swift in Sources */ = {isa = PBXBuildFile; fileRef = 280ABA0927504F7B00203006 /* ItemListView.swift */; };
		280ABA1527504F7B00203006 /* ProjectSummaryView.swift in Sources */ = {isa = PBXBuildFile; fileRef = 280ABA0A27504F7B00203006 /* ProjectSummaryView.swift */; };
		280ABA1627504F7B00203006 /* ContentView.swift in Sources */ = {isa = PBXBuildFile; fileRef = 280ABA0B27504F7B00203006 /* ContentView.swift */; };
		280ABA1727504F7B00203006 /* HomeView.swift in Sources */ = {isa = PBXBuildFile; fileRef = 280ABA0C27504F7B00203006 /* HomeView.swift */; };
		280ABA1827504F7B00203006 /* ItemRowView.swift in Sources */ = {isa = PBXBuildFile; fileRef = 280ABA0D27504F7B00203006 /* ItemRowView.swift */; };
		280ABA1927504F7B00203006 /* ProjectsView.swift in Sources */ = {isa = PBXBuildFile; fileRef = 280ABA0E27504F7B00203006 /* ProjectsView.swift */; };
		280ABA1A27504F7B00203006 /* SelectSomethingView.swift in Sources */ = {isa = PBXBuildFile; fileRef = 280ABA0F27504F7B00203006 /* SelectSomethingView.swift */; };
		2827DF3227498998006CEB12 /* bookEUnitTests.swift in Sources */ = {isa = PBXBuildFile; fileRef = 2827DF3127498998006CEB12 /* bookEUnitTests.swift */; };
		2827DF3B274989EA006CEB12 /* ProjectTests.swift in Sources */ = {isa = PBXBuildFile; fileRef = 2853C8932744031A00DCBC82 /* ProjectTests.swift */; };
		2827DF3C274989ED006CEB12 /* AssetTests.swift in Sources */ = {isa = PBXBuildFile; fileRef = 2853C88F2742C7AC00DCBC82 /* AssetTests.swift */; };
		2827DF3D274989F4006CEB12 /* AwardsTests.swift in Sources */ = {isa = PBXBuildFile; fileRef = 2853C8952744181200DCBC82 /* AwardsTests.swift */; };
		2827DF3E274989F8006CEB12 /* DevelopmentTests.swift in Sources */ = {isa = PBXBuildFile; fileRef = 28B0855527441F1B005AEE04 /* DevelopmentTests.swift */; };
		282A91B0273C429900C42745 /* bookEApp.swift in Sources */ = {isa = PBXBuildFile; fileRef = 282A91AF273C429900C42745 /* bookEApp.swift */; };
		282A91B4273C429A00C42745 /* Assets.xcassets in Resources */ = {isa = PBXBuildFile; fileRef = 282A91B3273C429A00C42745 /* Assets.xcassets */; };
		282A91B7273C429A00C42745 /* Preview Assets.xcassets in Resources */ = {isa = PBXBuildFile; fileRef = 282A91B6273C429A00C42745 /* Preview Assets.xcassets */; };
		282A91CB273C429A00C42745 /* bookEUITests.swift in Sources */ = {isa = PBXBuildFile; fileRef = 282A91CA273C429A00C42745 /* bookEUITests.swift */; };
		282A91CD273C429A00C42745 /* bookEUITestsLaunchTests.swift in Sources */ = {isa = PBXBuildFile; fileRef = 282A91CC273C429A00C42745 /* bookEUITestsLaunchTests.swift */; };
		282A91DB273C433200C42745 /* Main.xcdatamodeld in Sources */ = {isa = PBXBuildFile; fileRef = 282A91D9273C433200C42745 /* Main.xcdatamodeld */; };
		282A91DD273C4A4C00C42745 /* DataController.swift in Sources */ = {isa = PBXBuildFile; fileRef = 282A91DC273C4A4C00C42745 /* DataController.swift */; };
		282A91E1273C4CCF00C42745 /* CloudKit.framework in Frameworks */ = {isa = PBXBuildFile; fileRef = 282A91E0273C4CCF00C42745 /* CloudKit.framework */; };
		282AECF227505F260064AA96 /* Open Issues.pdf in Resources */ = {isa = PBXBuildFile; fileRef = 282AECF127505F260064AA96 /* Open Issues.pdf */; };
		283CB71D273C5A0F008D5D26 /* Item-CoreDataHelpers.swift in Sources */ = {isa = PBXBuildFile; fileRef = 283CB71C273C5A0F008D5D26 /* Item-CoreDataHelpers.swift */; };
		283CB71F273C5AAE008D5D26 /* Project-CoreDataHelpers.swift in Sources */ = {isa = PBXBuildFile; fileRef = 283CB71E273C5AAE008D5D26 /* Project-CoreDataHelpers.swift */; };
		283CB725273C7CEF008D5D26 /* Binding-OnChange.swift in Sources */ = {isa = PBXBuildFile; fileRef = 283CB724273C7CEF008D5D26 /* Binding-OnChange.swift */; };
		283CB729273C947E008D5D26 /* Color.xcassets in Resources */ = {isa = PBXBuildFile; fileRef = 283CB728273C947E008D5D26 /* Color.xcassets */; };
		285185FE2740066D00A121B9 /* Bundle-Decodable.swift in Sources */ = {isa = PBXBuildFile; fileRef = 285185FD2740066D00A121B9 /* Bundle-Decodable.swift */; };
		2851860027400EFE00A121B9 /* Award.swift in Sources */ = {isa = PBXBuildFile; fileRef = 285185FF27400EFE00A121B9 /* Award.swift */; };
		285186062740146400A121B9 /* Awards.json in Resources */ = {isa = PBXBuildFile; fileRef = 285186052740146400A121B9 /* Awards.json */; };
		285186082740269400A121B9 /* ColorAdditions.swift in Sources */ = {isa = PBXBuildFile; fileRef = 285186072740269400A121B9 /* ColorAdditions.swift */; };
		2851860A274073D100A121B9 /* Localizable.strings in Resources */ = {isa = PBXBuildFile; fileRef = 28518609274073D100A121B9 /* Localizable.strings */; };
/* End PBXBuildFile section */

/* Begin PBXContainerItemProxy section */
		2827DF3327498998006CEB12 /* PBXContainerItemProxy */ = {
			isa = PBXContainerItemProxy;
			containerPortal = 282A91A4273C429900C42745 /* Project object */;
			proxyType = 1;
			remoteGlobalIDString = 282A91AB273C429900C42745;
			remoteInfo = bookE;
		};
		282A91BD273C429A00C42745 /* PBXContainerItemProxy */ = {
			isa = PBXContainerItemProxy;
			containerPortal = 282A91A4273C429900C42745 /* Project object */;
			proxyType = 1;
			remoteGlobalIDString = 282A91AB273C429900C42745;
			remoteInfo = bookE;
		};
		282A91C7273C429A00C42745 /* PBXContainerItemProxy */ = {
			isa = PBXContainerItemProxy;
			containerPortal = 282A91A4273C429900C42745 /* Project object */;
			proxyType = 1;
			remoteGlobalIDString = 282A91AB273C429900C42745;
			remoteInfo = bookE;
		};
/* End PBXContainerItemProxy section */

/* Begin PBXFileReference section */
		280ABA03274B097C00203006 /* TestPlan.xctestplan */ = {isa = PBXFileReference; lastKnownFileType = text; path = TestPlan.xctestplan; sourceTree = "<group>"; };
		280ABA0527504F7B00203006 /* AwardsView.swift */ = {isa = PBXFileReference; fileEncoding = 4; lastKnownFileType = sourcecode.swift; path = AwardsView.swift; sourceTree = "<group>"; };
		280ABA0627504F7B00203006 /* ProjectHeaderView.swift */ = {isa = PBXFileReference; fileEncoding = 4; lastKnownFileType = sourcecode.swift; path = ProjectHeaderView.swift; sourceTree = "<group>"; };
		280ABA0727504F7B00203006 /* EditProjectView.swift */ = {isa = PBXFileReference; fileEncoding = 4; lastKnownFileType = sourcecode.swift; path = EditProjectView.swift; sourceTree = "<group>"; };
		280ABA0827504F7B00203006 /* EditItemView.swift */ = {isa = PBXFileReference; fileEncoding = 4; lastKnownFileType = sourcecode.swift; path = EditItemView.swift; sourceTree = "<group>"; };
		280ABA0927504F7B00203006 /* ItemListView.swift */ = {isa = PBXFileReference; fileEncoding = 4; lastKnownFileType = sourcecode.swift; path = ItemListView.swift; sourceTree = "<group>"; };
		280ABA0A27504F7B00203006 /* ProjectSummaryView.swift */ = {isa = PBXFileReference; fileEncoding = 4; lastKnownFileType = sourcecode.swift; path = ProjectSummaryView.swift; sourceTree = "<group>"; };
		280ABA0B27504F7B00203006 /* ContentView.swift */ = {isa = PBXFileReference; fileEncoding = 4; lastKnownFileType = sourcecode.swift; path = ContentView.swift; sourceTree = "<group>"; };
		280ABA0C27504F7B00203006 /* HomeView.swift */ = {isa = PBXFileReference; fileEncoding = 4; lastKnownFileType = sourcecode.swift; path = HomeView.swift; sourceTree = "<group>"; };
		280ABA0D27504F7B00203006 /* ItemRowView.swift */ = {isa = PBXFileReference; fileEncoding = 4; lastKnownFileType = sourcecode.swift; path = ItemRowView.swift; sourceTree = "<group>"; };
		280ABA0E27504F7B00203006 /* ProjectsView.swift */ = {isa = PBXFileReference; fileEncoding = 4; lastKnownFileType = sourcecode.swift; path = ProjectsView.swift; sourceTree = "<group>"; };
		280ABA0F27504F7B00203006 /* SelectSomethingView.swift */ = {isa = PBXFileReference; fileEncoding = 4; lastKnownFileType = sourcecode.swift; path = SelectSomethingView.swift; sourceTree = "<group>"; };
		2827DF2F27498998006CEB12 /* bookEUnitTests.xctest */ = {isa = PBXFileReference; explicitFileType = wrapper.cfbundle; includeInIndex = 0; path = bookEUnitTests.xctest; sourceTree = BUILT_PRODUCTS_DIR; };
		2827DF3127498998006CEB12 /* bookEUnitTests.swift */ = {isa = PBXFileReference; lastKnownFileType = sourcecode.swift; path = bookEUnitTests.swift; sourceTree = "<group>"; };
		2827DF3F274AA0B3006CEB12 /* PerformanceTests.swift */ = {isa = PBXFileReference; lastKnownFileType = sourcecode.swift; path = PerformanceTests.swift; sourceTree = "<group>"; };
		282A91AC273C429900C42745 /* bookE.app */ = {isa = PBXFileReference; explicitFileType = wrapper.application; includeInIndex = 0; path = bookE.app; sourceTree = BUILT_PRODUCTS_DIR; };
		282A91AF273C429900C42745 /* bookEApp.swift */ = {isa = PBXFileReference; lastKnownFileType = sourcecode.swift; path = bookEApp.swift; sourceTree = "<group>"; };
		282A91B3273C429A00C42745 /* Assets.xcassets */ = {isa = PBXFileReference; lastKnownFileType = folder.assetcatalog; path = Assets.xcassets; sourceTree = "<group>"; };
		282A91B6273C429A00C42745 /* Preview Assets.xcassets */ = {isa = PBXFileReference; lastKnownFileType = folder.assetcatalog; path = "Preview Assets.xcassets"; sourceTree = "<group>"; };
		282A91BC273C429A00C42745 /* bookETests.xctest */ = {isa = PBXFileReference; explicitFileType = wrapper.cfbundle; includeInIndex = 0; path = bookETests.xctest; sourceTree = BUILT_PRODUCTS_DIR; };
		282A91C6273C429A00C42745 /* bookEUITests.xctest */ = {isa = PBXFileReference; explicitFileType = wrapper.cfbundle; includeInIndex = 0; path = bookEUITests.xctest; sourceTree = BUILT_PRODUCTS_DIR; };
		282A91CA273C429A00C42745 /* bookEUITests.swift */ = {isa = PBXFileReference; lastKnownFileType = sourcecode.swift; path = bookEUITests.swift; sourceTree = "<group>"; };
		282A91CC273C429A00C42745 /* bookEUITestsLaunchTests.swift */ = {isa = PBXFileReference; lastKnownFileType = sourcecode.swift; path = bookEUITestsLaunchTests.swift; sourceTree = "<group>"; };
		282A91DA273C433200C42745 /* Main.xcdatamodel */ = {isa = PBXFileReference; lastKnownFileType = wrapper.xcdatamodel; path = Main.xcdatamodel; sourceTree = "<group>"; };
		282A91DC273C4A4C00C42745 /* DataController.swift */ = {isa = PBXFileReference; fileEncoding = 4; lastKnownFileType = sourcecode.swift; path = DataController.swift; sourceTree = "<group>"; };
		282A91DE273C4C6800C42745 /* bookE.entitlements */ = {isa = PBXFileReference; lastKnownFileType = text.plist.entitlements; path = bookE.entitlements; sourceTree = "<group>"; };
		282A91E0273C4CCF00C42745 /* CloudKit.framework */ = {isa = PBXFileReference; lastKnownFileType = wrapper.framework; name = CloudKit.framework; path = System/Library/Frameworks/CloudKit.framework; sourceTree = SDKROOT; };
		282A91E2273C4DAD00C42745 /* Info.plist */ = {isa = PBXFileReference; lastKnownFileType = text.plist; path = Info.plist; sourceTree = "<group>"; };
		282AECF127505F260064AA96 /* Open Issues.pdf */ = {isa = PBXFileReference; lastKnownFileType = image.pdf; path = "Open Issues.pdf"; sourceTree = "<group>"; };
		283CB71C273C5A0F008D5D26 /* Item-CoreDataHelpers.swift */ = {isa = PBXFileReference; lastKnownFileType = sourcecode.swift; path = "Item-CoreDataHelpers.swift"; sourceTree = "<group>"; };
		283CB71E273C5AAE008D5D26 /* Project-CoreDataHelpers.swift */ = {isa = PBXFileReference; lastKnownFileType = sourcecode.swift; path = "Project-CoreDataHelpers.swift"; sourceTree = "<group>"; };
		283CB724273C7CEF008D5D26 /* Binding-OnChange.swift */ = {isa = PBXFileReference; lastKnownFileType = sourcecode.swift; path = "Binding-OnChange.swift"; sourceTree = "<group>"; };
		283CB728273C947E008D5D26 /* Color.xcassets */ = {isa = PBXFileReference; lastKnownFileType = folder.assetcatalog; path = Color.xcassets; sourceTree = "<group>"; };
		285185FD2740066D00A121B9 /* Bundle-Decodable.swift */ = {isa = PBXFileReference; lastKnownFileType = sourcecode.swift; path = "Bundle-Decodable.swift"; sourceTree = "<group>"; };
		285185FF27400EFE00A121B9 /* Award.swift */ = {isa = PBXFileReference; lastKnownFileType = sourcecode.swift; path = Award.swift; sourceTree = "<group>"; };
		285186052740146400A121B9 /* Awards.json */ = {isa = PBXFileReference; fileEncoding = 4; lastKnownFileType = text.json; path = Awards.json; sourceTree = "<group>"; };
		285186072740269400A121B9 /* ColorAdditions.swift */ = {isa = PBXFileReference; lastKnownFileType = sourcecode.swift; path = ColorAdditions.swift; sourceTree = "<group>"; };
		28518609274073D100A121B9 /* Localizable.strings */ = {isa = PBXFileReference; lastKnownFileType = text.plist.strings; path = Localizable.strings; sourceTree = "<group>"; };
		2853C88F2742C7AC00DCBC82 /* AssetTests.swift */ = {isa = PBXFileReference; lastKnownFileType = sourcecode.swift; path = AssetTests.swift; sourceTree = "<group>"; };
		2853C8932744031A00DCBC82 /* ProjectTests.swift */ = {isa = PBXFileReference; lastKnownFileType = sourcecode.swift; path = ProjectTests.swift; sourceTree = "<group>"; };
		2853C8952744181200DCBC82 /* AwardsTests.swift */ = {isa = PBXFileReference; lastKnownFileType = sourcecode.swift; path = AwardsTests.swift; sourceTree = "<group>"; };
		28B0855527441F1B005AEE04 /* DevelopmentTests.swift */ = {isa = PBXFileReference; lastKnownFileType = sourcecode.swift; path = DevelopmentTests.swift; sourceTree = "<group>"; };
/* End PBXFileReference section */

/* Begin PBXFrameworksBuildPhase section */
		2827DF2C27498998006CEB12 /* Frameworks */ = {
			isa = PBXFrameworksBuildPhase;
			buildActionMask = 2147483647;
			files = (
			);
			runOnlyForDeploymentPostprocessing = 0;
		};
		282A91A9273C429900C42745 /* Frameworks */ = {
			isa = PBXFrameworksBuildPhase;
			buildActionMask = 2147483647;
			files = (
				282A91E1273C4CCF00C42745 /* CloudKit.framework in Frameworks */,
			);
			runOnlyForDeploymentPostprocessing = 0;
		};
		282A91B9273C429A00C42745 /* Frameworks */ = {
			isa = PBXFrameworksBuildPhase;
			buildActionMask = 2147483647;
			files = (
			);
			runOnlyForDeploymentPostprocessing = 0;
		};
		282A91C3273C429A00C42745 /* Frameworks */ = {
			isa = PBXFrameworksBuildPhase;
			buildActionMask = 2147483647;
			files = (
			);
			runOnlyForDeploymentPostprocessing = 0;
		};
/* End PBXFrameworksBuildPhase section */

/* Begin PBXGroup section */
		2827DF3027498998006CEB12 /* bookEUnitTests */ = {
			isa = PBXGroup;
			children = (
				2853C88F2742C7AC00DCBC82 /* AssetTests.swift */,
				2853C8952744181200DCBC82 /* AwardsTests.swift */,
				2827DF3127498998006CEB12 /* bookEUnitTests.swift */,
				28B0855527441F1B005AEE04 /* DevelopmentTests.swift */,
				2827DF3F274AA0B3006CEB12 /* PerformanceTests.swift */,
				2853C8932744031A00DCBC82 /* ProjectTests.swift */,
			);
			path = bookEUnitTests;
			sourceTree = "<group>";
		};
		282A91A3273C429900C42745 = {
			isa = PBXGroup;
			children = (
				280ABA03274B097C00203006 /* TestPlan.xctestplan */,
				282AECF127505F260064AA96 /* Open Issues.pdf */,
				282A91AF273C429900C42745 /* bookEApp.swift */,
				282A91AE273C429900C42745 /* bookE */,
				282A91AD273C429900C42745 /* Products */,
				282A91DF273C4CCF00C42745 /* Frameworks */,
			);
			sourceTree = "<group>";
		};
		282A91AD273C429900C42745 /* Products */ = {
			isa = PBXGroup;
			children = (
				282A91AC273C429900C42745 /* bookE.app */,
				282A91BC273C429A00C42745 /* bookETests.xctest */,
				282A91C6273C429A00C42745 /* bookEUITests.xctest */,
				2827DF2F27498998006CEB12 /* bookEUnitTests.xctest */,
			);
			name = Products;
			sourceTree = "<group>";
		};
		282A91AE273C429900C42745 /* bookE */ = {
			isa = PBXGroup;
			children = (
				285185FF27400EFE00A121B9 /* Award.swift */,
				2827DF3027498998006CEB12 /* bookEUnitTests */,
				282A91C9273C429A00C42745 /* bookEUITests */,
				285185FB273EBF7A00A121B9 /* Data */,
				285185FC273EBFD300A121B9 /* Extensions */,
				285185FA273EBF1100A121B9 /* Views */,
				282A91B3273C429A00C42745 /* Assets.xcassets */,
				282A91DE273C4C6800C42745 /* bookE.entitlements */,
				283CB728273C947E008D5D26 /* Color.xcassets */,
				282A91E2273C4DAD00C42745 /* Info.plist */,
				282A91D9273C433200C42745 /* Main.xcdatamodeld */,
				282A91B5273C429A00C42745 /* Preview Content */,
			);
			path = bookE;
			sourceTree = "<group>";
		};
		282A91B5273C429A00C42745 /* Preview Content */ = {
			isa = PBXGroup;
			children = (
				282A91B6273C429A00C42745 /* Preview Assets.xcassets */,
			);
			path = "Preview Content";
			sourceTree = "<group>";
		};
		282A91C9273C429A00C42745 /* bookEUITests */ = {
			isa = PBXGroup;
			children = (
				282A91CA273C429A00C42745 /* bookEUITests.swift */,
				282A91CC273C429A00C42745 /* bookEUITestsLaunchTests.swift */,
			);
			path = bookEUITests;
			sourceTree = "<group>";
		};
		282A91DF273C4CCF00C42745 /* Frameworks */ = {
			isa = PBXGroup;
			children = (
				282A91E0273C4CCF00C42745 /* CloudKit.framework */,
			);
			name = Frameworks;
			sourceTree = "<group>";
		};
		285185FA273EBF1100A121B9 /* Views */ = {
			isa = PBXGroup;
			children = (
				280ABA0527504F7B00203006 /* AwardsView.swift */,
				280ABA0B27504F7B00203006 /* ContentView.swift */,
				280ABA0827504F7B00203006 /* EditItemView.swift */,
				280ABA0727504F7B00203006 /* EditProjectView.swift */,
				280ABA0C27504F7B00203006 /* HomeView.swift */,
				280ABA0927504F7B00203006 /* ItemListView.swift */,
				280ABA0D27504F7B00203006 /* ItemRowView.swift */,
				280ABA0627504F7B00203006 /* ProjectHeaderView.swift */,
				280ABA0A27504F7B00203006 /* ProjectSummaryView.swift */,
				280ABA0E27504F7B00203006 /* ProjectsView.swift */,
				280ABA0F27504F7B00203006 /* SelectSomethingView.swift */,
			);
			path = Views;
			sourceTree = "<group>";
		};
		285185FB273EBF7A00A121B9 /* Data */ = {
			isa = PBXGroup;
			children = (
				282A91DC273C4A4C00C42745 /* DataController.swift */,
				285186052740146400A121B9 /* Awards.json */,
				28518609274073D100A121B9 /* Localizable.strings */,
			);
			path = Data;
			sourceTree = "<group>";
		};
		285185FC273EBFD300A121B9 /* Extensions */ = {
			isa = PBXGroup;
			children = (
				283CB71E273C5AAE008D5D26 /* Project-CoreDataHelpers.swift */,
				283CB71C273C5A0F008D5D26 /* Item-CoreDataHelpers.swift */,
				285186072740269400A121B9 /* ColorAdditions.swift */,
				285185FD2740066D00A121B9 /* Bundle-Decodable.swift */,
				283CB724273C7CEF008D5D26 /* Binding-OnChange.swift */,
			);
			path = Extensions;
			sourceTree = "<group>";
		};
/* End PBXGroup section */

/* Begin PBXNativeTarget section */
		2827DF2E27498998006CEB12 /* bookEUnitTests */ = {
			isa = PBXNativeTarget;
			buildConfigurationList = 2827DF3527498998006CEB12 /* Build configuration list for PBXNativeTarget "bookEUnitTests" */;
			buildPhases = (
				2827DF2B27498998006CEB12 /* Sources */,
				2827DF2C27498998006CEB12 /* Frameworks */,
				2827DF2D27498998006CEB12 /* Resources */,
			);
			buildRules = (
			);
			dependencies = (
				2827DF3427498998006CEB12 /* PBXTargetDependency */,
			);
			name = bookEUnitTests;
			productName = bookEUnitTests;
			productReference = 2827DF2F27498998006CEB12 /* bookEUnitTests.xctest */;
			productType = "com.apple.product-type.bundle.unit-test";
		};
		282A91AB273C429900C42745 /* bookE */ = {
			isa = PBXNativeTarget;
			buildConfigurationList = 282A91D0273C429A00C42745 /* Build configuration list for PBXNativeTarget "bookE" */;
			buildPhases = (
				2851860D27419EFD00A121B9 /* Run Swiftlint */,
				282A91A8273C429900C42745 /* Sources */,
				282A91A9273C429900C42745 /* Frameworks */,
				282A91AA273C429900C42745 /* Resources */,
			);
			buildRules = (
			);
			dependencies = (
			);
			name = bookE;
			productName = bookE;
			productReference = 282A91AC273C429900C42745 /* bookE.app */;
			productType = "com.apple.product-type.application";
		};
		282A91BB273C429A00C42745 /* bookETests */ = {
			isa = PBXNativeTarget;
			buildConfigurationList = 282A91D3273C429A00C42745 /* Build configuration list for PBXNativeTarget "bookETests" */;
			buildPhases = (
				282A91B8273C429A00C42745 /* Sources */,
				282A91B9273C429A00C42745 /* Frameworks */,
				282A91BA273C429A00C42745 /* Resources */,
			);
			buildRules = (
			);
			dependencies = (
				282A91BE273C429A00C42745 /* PBXTargetDependency */,
			);
			name = bookETests;
			productName = bookETests;
			productReference = 282A91BC273C429A00C42745 /* bookETests.xctest */;
			productType = "com.apple.product-type.bundle.unit-test";
		};
		282A91C5273C429A00C42745 /* bookEUITests */ = {
			isa = PBXNativeTarget;
			buildConfigurationList = 282A91D6273C429A00C42745 /* Build configuration list for PBXNativeTarget "bookEUITests" */;
			buildPhases = (
				282A91C2273C429A00C42745 /* Sources */,
				282A91C3273C429A00C42745 /* Frameworks */,
				282A91C4273C429A00C42745 /* Resources */,
			);
			buildRules = (
			);
			dependencies = (
				282A91C8273C429A00C42745 /* PBXTargetDependency */,
			);
			name = bookEUITests;
			productName = bookEUITests;
			productReference = 282A91C6273C429A00C42745 /* bookEUITests.xctest */;
			productType = "com.apple.product-type.bundle.ui-testing";
		};
/* End PBXNativeTarget section */

/* Begin PBXProject section */
		282A91A4273C429900C42745 /* Project object */ = {
			isa = PBXProject;
			attributes = {
				BuildIndependentTargetsInParallel = 1;
				LastSwiftUpdateCheck = 1310;
				LastUpgradeCheck = 1310;
				TargetAttributes = {
					2827DF2E27498998006CEB12 = {
						CreatedOnToolsVersion = 13.1;
						TestTargetID = 282A91AB273C429900C42745;
					};
					282A91AB273C429900C42745 = {
						CreatedOnToolsVersion = 13.1;
					};
					282A91BB273C429A00C42745 = {
						CreatedOnToolsVersion = 13.1;
						LastSwiftMigration = 1310;
						TestTargetID = 282A91AB273C429900C42745;
					};
					282A91C5273C429A00C42745 = {
						CreatedOnToolsVersion = 13.1;
						TestTargetID = 282A91AB273C429900C42745;
					};
				};
			};
			buildConfigurationList = 282A91A7273C429900C42745 /* Build configuration list for PBXProject "bookE" */;
			compatibilityVersion = "Xcode 13.0";
			developmentRegion = en;
			hasScannedForEncodings = 0;
			knownRegions = (
				en,
				Base,
			);
			mainGroup = 282A91A3273C429900C42745;
			productRefGroup = 282A91AD273C429900C42745 /* Products */;
			projectDirPath = "";
			projectRoot = "";
			targets = (
				282A91AB273C429900C42745 /* bookE */,
				282A91BB273C429A00C42745 /* bookETests */,
				282A91C5273C429A00C42745 /* bookEUITests */,
				2827DF2E27498998006CEB12 /* bookEUnitTests */,
			);
		};
/* End PBXProject section */

/* Begin PBXResourcesBuildPhase section */
		2827DF2D27498998006CEB12 /* Resources */ = {
			isa = PBXResourcesBuildPhase;
			buildActionMask = 2147483647;
			files = (
			);
			runOnlyForDeploymentPostprocessing = 0;
		};
		282A91AA273C429900C42745 /* Resources */ = {
			isa = PBXResourcesBuildPhase;
			buildActionMask = 2147483647;
			files = (
				2851860A274073D100A121B9 /* Localizable.strings in Resources */,
				282AECF227505F260064AA96 /* Open Issues.pdf in Resources */,
				282A91B7273C429A00C42745 /* Preview Assets.xcassets in Resources */,
				285186062740146400A121B9 /* Awards.json in Resources */,
				282A91B4273C429A00C42745 /* Assets.xcassets in Resources */,
				283CB729273C947E008D5D26 /* Color.xcassets in Resources */,
			);
			runOnlyForDeploymentPostprocessing = 0;
		};
		282A91BA273C429A00C42745 /* Resources */ = {
			isa = PBXResourcesBuildPhase;
			buildActionMask = 2147483647;
			files = (
			);
			runOnlyForDeploymentPostprocessing = 0;
		};
		282A91C4273C429A00C42745 /* Resources */ = {
			isa = PBXResourcesBuildPhase;
			buildActionMask = 2147483647;
			files = (
			);
			runOnlyForDeploymentPostprocessing = 0;
		};
/* End PBXResourcesBuildPhase section */

/* Begin PBXShellScriptBuildPhase section */
		2851860D27419EFD00A121B9 /* Run Swiftlint */ = {
			isa = PBXShellScriptBuildPhase;
			buildActionMask = 2147483647;
			files = (
			);
			inputFileListPaths = (
			);
			inputPaths = (
			);
			name = "Run Swiftlint";
			outputFileListPaths = (
			);
			outputPaths = (
			);
			runOnlyForDeploymentPostprocessing = 0;
			shellPath = /bin/sh;
			shellScript = "# Adds support for Apple Silicon brew directory\nexport PATH=\"$PATH:/opt/homebrew/bin\"\nif which SwiftLint >/dev/null; then\n    SwiftLint autocorrect\n    SwiftLint\nelse\n  echo \"warning: SwiftLint not installed, download from https://github.com/realm/SwiftLint\"\nfi\n";
		};
/* End PBXShellScriptBuildPhase section */

/* Begin PBXSourcesBuildPhase section */
		2827DF2B27498998006CEB12 /* Sources */ = {
			isa = PBXSourcesBuildPhase;
			buildActionMask = 2147483647;
			files = (
				2827DF3227498998006CEB12 /* bookEUnitTests.swift in Sources */,
				2827DF3D274989F4006CEB12 /* AwardsTests.swift in Sources */,
				280ABA02274AA21400203006 /* PerformanceTests.swift in Sources */,
				2827DF3C274989ED006CEB12 /* AssetTests.swift in Sources */,
				2827DF3B274989EA006CEB12 /* ProjectTests.swift in Sources */,
				2827DF3E274989F8006CEB12 /* DevelopmentTests.swift in Sources */,
			);
			runOnlyForDeploymentPostprocessing = 0;
		};
		282A91A8273C429900C42745 /* Sources */ = {
			isa = PBXSourcesBuildPhase;
			buildActionMask = 2147483647;
			files = (
				285186082740269400A121B9 /* ColorAdditions.swift in Sources */,
				280ABA1A27504F7B00203006 /* SelectSomethingView.swift in Sources */,
				280ABA1527504F7B00203006 /* ProjectSummaryView.swift in Sources */,
				280ABA1927504F7B00203006 /* ProjectsView.swift in Sources */,
				280ABA1827504F7B00203006 /* ItemRowView.swift in Sources */,
				280ABA1627504F7B00203006 /* ContentView.swift in Sources */,
				285185FE2740066D00A121B9 /* Bundle-Decodable.swift in Sources */,
				280ABA1027504F7B00203006 /* AwardsView.swift in Sources */,
				280ABA1727504F7B00203006 /* HomeView.swift in Sources */,
				282A91DB273C433200C42745 /* Main.xcdatamodeld in Sources */,
				280ABA1127504F7B00203006 /* ProjectHeaderView.swift in Sources */,
				2851860027400EFE00A121B9 /* Award.swift in Sources */,
				283CB71F273C5AAE008D5D26 /* Project-CoreDataHelpers.swift in Sources */,
				282A91DD273C4A4C00C42745 /* DataController.swift in Sources */,
				280ABA1227504F7B00203006 /* EditProjectView.swift in Sources */,
				280ABA1327504F7B00203006 /* EditItemView.swift in Sources */,
				283CB725273C7CEF008D5D26 /* Binding-OnChange.swift in Sources */,
				282A91B0273C429900C42745 /* bookEApp.swift in Sources */,
				283CB71D273C5A0F008D5D26 /* Item-CoreDataHelpers.swift in Sources */,
				280ABA1427504F7B00203006 /* ItemListView.swift in Sources */,
			);
			runOnlyForDeploymentPostprocessing = 0;
		};
		282A91B8273C429A00C42745 /* Sources */ = {
			isa = PBXSourcesBuildPhase;
			buildActionMask = 2147483647;
			files = (
			);
			runOnlyForDeploymentPostprocessing = 0;
		};
		282A91C2273C429A00C42745 /* Sources */ = {
			isa = PBXSourcesBuildPhase;
			buildActionMask = 2147483647;
			files = (
				282A91CB273C429A00C42745 /* bookEUITests.swift in Sources */,
				282A91CD273C429A00C42745 /* bookEUITestsLaunchTests.swift in Sources */,
			);
			runOnlyForDeploymentPostprocessing = 0;
		};
/* End PBXSourcesBuildPhase section */

/* Begin PBXTargetDependency section */
		2827DF3427498998006CEB12 /* PBXTargetDependency */ = {
			isa = PBXTargetDependency;
			target = 282A91AB273C429900C42745 /* bookE */;
			targetProxy = 2827DF3327498998006CEB12 /* PBXContainerItemProxy */;
		};
		282A91BE273C429A00C42745 /* PBXTargetDependency */ = {
			isa = PBXTargetDependency;
			target = 282A91AB273C429900C42745 /* bookE */;
			targetProxy = 282A91BD273C429A00C42745 /* PBXContainerItemProxy */;
		};
		282A91C8273C429A00C42745 /* PBXTargetDependency */ = {
			isa = PBXTargetDependency;
			target = 282A91AB273C429900C42745 /* bookE */;
			targetProxy = 282A91C7273C429A00C42745 /* PBXContainerItemProxy */;
		};
/* End PBXTargetDependency section */

/* Begin XCBuildConfiguration section */
		2827DF3627498998006CEB12 /* Debug */ = {
			isa = XCBuildConfiguration;
			buildSettings = {
				BUNDLE_LOADER = "$(TEST_HOST)";
				CODE_SIGN_STYLE = Automatic;
				CURRENT_PROJECT_VERSION = 1;
				DEVELOPMENT_TEAM = WWF5QT5KNU;
				GENERATE_INFOPLIST_FILE = YES;
				LD_RUNPATH_SEARCH_PATHS = (
					"$(inherited)",
					"@executable_path/Frameworks",
					"@loader_path/Frameworks",
				);
				MARKETING_VERSION = 1.0;
				PRODUCT_BUNDLE_IDENTIFIER = com.jdvarney.bookEUnitTests;
				PRODUCT_NAME = "$(TARGET_NAME)";
				SWIFT_EMIT_LOC_STRINGS = NO;
				SWIFT_VERSION = 5.0;
				TARGETED_DEVICE_FAMILY = "1,2";
				TEST_HOST = "$(BUILT_PRODUCTS_DIR)/bookE.app/bookE";
			};
			name = Debug;
		};
		2827DF3727498998006CEB12 /* Release */ = {
			isa = XCBuildConfiguration;
			buildSettings = {
				BUNDLE_LOADER = "$(TEST_HOST)";
				CODE_SIGN_STYLE = Automatic;
				CURRENT_PROJECT_VERSION = 1;
				DEVELOPMENT_TEAM = WWF5QT5KNU;
				GENERATE_INFOPLIST_FILE = YES;
				LD_RUNPATH_SEARCH_PATHS = (
					"$(inherited)",
					"@executable_path/Frameworks",
					"@loader_path/Frameworks",
				);
				MARKETING_VERSION = 1.0;
				PRODUCT_BUNDLE_IDENTIFIER = com.jdvarney.bookEUnitTests;
				PRODUCT_NAME = "$(TARGET_NAME)";
				SWIFT_EMIT_LOC_STRINGS = NO;
				SWIFT_VERSION = 5.0;
				TARGETED_DEVICE_FAMILY = "1,2";
				TEST_HOST = "$(BUILT_PRODUCTS_DIR)/bookE.app/bookE";
			};
			name = Release;
		};
		282A91CE273C429A00C42745 /* Debug */ = {
			isa = XCBuildConfiguration;
			buildSettings = {
				ALWAYS_SEARCH_USER_PATHS = NO;
				CLANG_ANALYZER_NONNULL = YES;
				CLANG_ANALYZER_NUMBER_OBJECT_CONVERSION = YES_AGGRESSIVE;
				CLANG_CXX_LANGUAGE_STANDARD = "gnu++17";
				CLANG_CXX_LIBRARY = "libc++";
				CLANG_ENABLE_MODULES = YES;
				CLANG_ENABLE_OBJC_ARC = YES;
				CLANG_ENABLE_OBJC_WEAK = YES;
				CLANG_WARN_BLOCK_CAPTURE_AUTORELEASING = YES;
				CLANG_WARN_BOOL_CONVERSION = YES;
				CLANG_WARN_COMMA = YES;
				CLANG_WARN_CONSTANT_CONVERSION = YES;
				CLANG_WARN_DEPRECATED_OBJC_IMPLEMENTATIONS = YES;
				CLANG_WARN_DIRECT_OBJC_ISA_USAGE = YES_ERROR;
				CLANG_WARN_DOCUMENTATION_COMMENTS = YES;
				CLANG_WARN_EMPTY_BODY = YES;
				CLANG_WARN_ENUM_CONVERSION = YES;
				CLANG_WARN_INFINITE_RECURSION = YES;
				CLANG_WARN_INT_CONVERSION = YES;
				CLANG_WARN_NON_LITERAL_NULL_CONVERSION = YES;
				CLANG_WARN_OBJC_IMPLICIT_RETAIN_SELF = YES;
				CLANG_WARN_OBJC_LITERAL_CONVERSION = YES;
				CLANG_WARN_OBJC_ROOT_CLASS = YES_ERROR;
				CLANG_WARN_QUOTED_INCLUDE_IN_FRAMEWORK_HEADER = YES;
				CLANG_WARN_RANGE_LOOP_ANALYSIS = YES;
				CLANG_WARN_STRICT_PROTOTYPES = YES;
				CLANG_WARN_SUSPICIOUS_MOVE = YES;
				CLANG_WARN_UNGUARDED_AVAILABILITY = YES_AGGRESSIVE;
				CLANG_WARN_UNREACHABLE_CODE = YES;
				CLANG_WARN__DUPLICATE_METHOD_MATCH = YES;
				COPY_PHASE_STRIP = NO;
				DEBUG_INFORMATION_FORMAT = dwarf;
				ENABLE_STRICT_OBJC_MSGSEND = YES;
				ENABLE_TESTABILITY = YES;
				GCC_C_LANGUAGE_STANDARD = gnu11;
				GCC_DYNAMIC_NO_PIC = NO;
				GCC_NO_COMMON_BLOCKS = YES;
				GCC_OPTIMIZATION_LEVEL = 0;
				GCC_PREPROCESSOR_DEFINITIONS = (
					"DEBUG=1",
					"$(inherited)",
				);
				GCC_WARN_64_TO_32_BIT_CONVERSION = YES;
				GCC_WARN_ABOUT_RETURN_TYPE = YES_ERROR;
				GCC_WARN_UNDECLARED_SELECTOR = YES;
				GCC_WARN_UNINITIALIZED_AUTOS = YES_AGGRESSIVE;
				GCC_WARN_UNUSED_FUNCTION = YES;
				GCC_WARN_UNUSED_VARIABLE = YES;
				IPHONEOS_DEPLOYMENT_TARGET = 15.0;
				MTL_ENABLE_DEBUG_INFO = INCLUDE_SOURCE;
				MTL_FAST_MATH = YES;
				ONLY_ACTIVE_ARCH = YES;
				SDKROOT = iphoneos;
				SWIFT_ACTIVE_COMPILATION_CONDITIONS = DEBUG;
				SWIFT_OPTIMIZATION_LEVEL = "-Onone";
			};
			name = Debug;
		};
		282A91CF273C429A00C42745 /* Release */ = {
			isa = XCBuildConfiguration;
			buildSettings = {
				ALWAYS_SEARCH_USER_PATHS = NO;
				CLANG_ANALYZER_NONNULL = YES;
				CLANG_ANALYZER_NUMBER_OBJECT_CONVERSION = YES_AGGRESSIVE;
				CLANG_CXX_LANGUAGE_STANDARD = "gnu++17";
				CLANG_CXX_LIBRARY = "libc++";
				CLANG_ENABLE_MODULES = YES;
				CLANG_ENABLE_OBJC_ARC = YES;
				CLANG_ENABLE_OBJC_WEAK = YES;
				CLANG_WARN_BLOCK_CAPTURE_AUTORELEASING = YES;
				CLANG_WARN_BOOL_CONVERSION = YES;
				CLANG_WARN_COMMA = YES;
				CLANG_WARN_CONSTANT_CONVERSION = YES;
				CLANG_WARN_DEPRECATED_OBJC_IMPLEMENTATIONS = YES;
				CLANG_WARN_DIRECT_OBJC_ISA_USAGE = YES_ERROR;
				CLANG_WARN_DOCUMENTATION_COMMENTS = YES;
				CLANG_WARN_EMPTY_BODY = YES;
				CLANG_WARN_ENUM_CONVERSION = YES;
				CLANG_WARN_INFINITE_RECURSION = YES;
				CLANG_WARN_INT_CONVERSION = YES;
				CLANG_WARN_NON_LITERAL_NULL_CONVERSION = YES;
				CLANG_WARN_OBJC_IMPLICIT_RETAIN_SELF = YES;
				CLANG_WARN_OBJC_LITERAL_CONVERSION = YES;
				CLANG_WARN_OBJC_ROOT_CLASS = YES_ERROR;
				CLANG_WARN_QUOTED_INCLUDE_IN_FRAMEWORK_HEADER = YES;
				CLANG_WARN_RANGE_LOOP_ANALYSIS = YES;
				CLANG_WARN_STRICT_PROTOTYPES = YES;
				CLANG_WARN_SUSPICIOUS_MOVE = YES;
				CLANG_WARN_UNGUARDED_AVAILABILITY = YES_AGGRESSIVE;
				CLANG_WARN_UNREACHABLE_CODE = YES;
				CLANG_WARN__DUPLICATE_METHOD_MATCH = YES;
				COPY_PHASE_STRIP = NO;
				DEBUG_INFORMATION_FORMAT = "dwarf-with-dsym";
				ENABLE_NS_ASSERTIONS = NO;
				ENABLE_STRICT_OBJC_MSGSEND = YES;
				GCC_C_LANGUAGE_STANDARD = gnu11;
				GCC_NO_COMMON_BLOCKS = YES;
				GCC_WARN_64_TO_32_BIT_CONVERSION = YES;
				GCC_WARN_ABOUT_RETURN_TYPE = YES_ERROR;
				GCC_WARN_UNDECLARED_SELECTOR = YES;
				GCC_WARN_UNINITIALIZED_AUTOS = YES_AGGRESSIVE;
				GCC_WARN_UNUSED_FUNCTION = YES;
				GCC_WARN_UNUSED_VARIABLE = YES;
				IPHONEOS_DEPLOYMENT_TARGET = 15.0;
				MTL_ENABLE_DEBUG_INFO = NO;
				MTL_FAST_MATH = YES;
				SDKROOT = iphoneos;
				SWIFT_COMPILATION_MODE = wholemodule;
				SWIFT_OPTIMIZATION_LEVEL = "-O";
				VALIDATE_PRODUCT = YES;
			};
			name = Release;
		};
		282A91D1273C429A00C42745 /* Debug */ = {
			isa = XCBuildConfiguration;
			buildSettings = {
				ASSETCATALOG_COMPILER_APPICON_NAME = AppIcon;
				ASSETCATALOG_COMPILER_GLOBAL_ACCENT_COLOR_NAME = AccentColor;
				CODE_SIGN_ENTITLEMENTS = bookE/bookE.entitlements;
				CODE_SIGN_STYLE = Automatic;
				CURRENT_PROJECT_VERSION = 1;
				DEVELOPMENT_ASSET_PATHS = "\"bookE/Preview Content\"";
				DEVELOPMENT_TEAM = WWF5QT5KNU;
				ENABLE_PREVIEWS = YES;
				GENERATE_INFOPLIST_FILE = YES;
				INFOPLIST_FILE = bookE/Info.plist;
				INFOPLIST_KEY_UIApplicationSceneManifest_Generation = YES;
				INFOPLIST_KEY_UIApplicationSupportsIndirectInputEvents = YES;
				INFOPLIST_KEY_UILaunchScreen_Generation = YES;
				INFOPLIST_KEY_UISupportedInterfaceOrientations_iPad = "UIInterfaceOrientationPortrait UIInterfaceOrientationPortraitUpsideDown UIInterfaceOrientationLandscapeLeft UIInterfaceOrientationLandscapeRight";
				INFOPLIST_KEY_UISupportedInterfaceOrientations_iPhone = "UIInterfaceOrientationPortrait UIInterfaceOrientationLandscapeLeft UIInterfaceOrientationLandscapeRight";
				LD_RUNPATH_SEARCH_PATHS = (
					"$(inherited)",
					"@executable_path/Frameworks",
				);
				MARKETING_VERSION = 1.0;
				PRODUCT_BUNDLE_IDENTIFIER = com.jdvarney.bookE;
				PRODUCT_NAME = "$(TARGET_NAME)";
				SWIFT_EMIT_LOC_STRINGS = YES;
				SWIFT_VERSION = 5.0;
				TARGETED_DEVICE_FAMILY = "1,2";
			};
			name = Debug;
		};
		282A91D2273C429A00C42745 /* Release */ = {
			isa = XCBuildConfiguration;
			buildSettings = {
				ASSETCATALOG_COMPILER_APPICON_NAME = AppIcon;
				ASSETCATALOG_COMPILER_GLOBAL_ACCENT_COLOR_NAME = AccentColor;
				CODE_SIGN_ENTITLEMENTS = bookE/bookE.entitlements;
				CODE_SIGN_STYLE = Automatic;
				CURRENT_PROJECT_VERSION = 1;
				DEVELOPMENT_ASSET_PATHS = "\"bookE/Preview Content\"";
				DEVELOPMENT_TEAM = WWF5QT5KNU;
				ENABLE_PREVIEWS = YES;
				GENERATE_INFOPLIST_FILE = YES;
				INFOPLIST_FILE = bookE/Info.plist;
				INFOPLIST_KEY_UIApplicationSceneManifest_Generation = YES;
				INFOPLIST_KEY_UIApplicationSupportsIndirectInputEvents = YES;
				INFOPLIST_KEY_UILaunchScreen_Generation = YES;
				INFOPLIST_KEY_UISupportedInterfaceOrientations_iPad = "UIInterfaceOrientationPortrait UIInterfaceOrientationPortraitUpsideDown UIInterfaceOrientationLandscapeLeft UIInterfaceOrientationLandscapeRight";
				INFOPLIST_KEY_UISupportedInterfaceOrientations_iPhone = "UIInterfaceOrientationPortrait UIInterfaceOrientationLandscapeLeft UIInterfaceOrientationLandscapeRight";
				LD_RUNPATH_SEARCH_PATHS = (
					"$(inherited)",
					"@executable_path/Frameworks",
				);
				MARKETING_VERSION = 1.0;
				PRODUCT_BUNDLE_IDENTIFIER = com.jdvarney.bookE;
				PRODUCT_NAME = "$(TARGET_NAME)";
				SWIFT_EMIT_LOC_STRINGS = YES;
				SWIFT_VERSION = 5.0;
				TARGETED_DEVICE_FAMILY = "1,2";
			};
			name = Release;
		};
		282A91D4273C429A00C42745 /* Debug */ = {
			isa = XCBuildConfiguration;
			buildSettings = {
				ALWAYS_EMBED_SWIFT_STANDARD_LIBRARIES = YES;
				BUNDLE_LOADER = "$(TEST_HOST)";
				CLANG_ENABLE_MODULES = YES;
				CODE_SIGN_STYLE = Automatic;
				CURRENT_PROJECT_VERSION = 1;
				DEVELOPMENT_TEAM = WWF5QT5KNU;
				GENERATE_INFOPLIST_FILE = YES;
				IPHONEOS_DEPLOYMENT_TARGET = 15.0;
				LD_RUNPATH_SEARCH_PATHS = (
					"$(inherited)",
					"@executable_path/Frameworks",
					"@loader_path/Frameworks",
				);
				MARKETING_VERSION = 1.0;
				PRODUCT_BUNDLE_IDENTIFIER = com.jdvarney.bookETests;
				PRODUCT_NAME = "$(TARGET_NAME)";
				SWIFT_EMIT_LOC_STRINGS = NO;
				SWIFT_OPTIMIZATION_LEVEL = "-Onone";
				SWIFT_VERSION = 5.0;
				TARGETED_DEVICE_FAMILY = "1,2";
				TEST_HOST = "$(BUILT_PRODUCTS_DIR)/bookE.app/bookE";
			};
			name = Debug;
		};
		282A91D5273C429A00C42745 /* Release */ = {
			isa = XCBuildConfiguration;
			buildSettings = {
				ALWAYS_EMBED_SWIFT_STANDARD_LIBRARIES = YES;
				BUNDLE_LOADER = "$(TEST_HOST)";
				CLANG_ENABLE_MODULES = YES;
				CODE_SIGN_STYLE = Automatic;
				CURRENT_PROJECT_VERSION = 1;
				DEVELOPMENT_TEAM = WWF5QT5KNU;
				GENERATE_INFOPLIST_FILE = YES;
				IPHONEOS_DEPLOYMENT_TARGET = 15.0;
				LD_RUNPATH_SEARCH_PATHS = (
					"$(inherited)",
					"@executable_path/Frameworks",
					"@loader_path/Frameworks",
				);
				MARKETING_VERSION = 1.0;
				PRODUCT_BUNDLE_IDENTIFIER = com.jdvarney.bookETests;
				PRODUCT_NAME = "$(TARGET_NAME)";
				SWIFT_EMIT_LOC_STRINGS = NO;
				SWIFT_VERSION = 5.0;
				TARGETED_DEVICE_FAMILY = "1,2";
				TEST_HOST = "$(BUILT_PRODUCTS_DIR)/bookE.app/bookE";
			};
			name = Release;
		};
		282A91D7273C429A00C42745 /* Debug */ = {
			isa = XCBuildConfiguration;
			buildSettings = {
				ALWAYS_EMBED_SWIFT_STANDARD_LIBRARIES = YES;
				CODE_SIGN_STYLE = Automatic;
				CURRENT_PROJECT_VERSION = 1;
				DEVELOPMENT_TEAM = WWF5QT5KNU;
				GENERATE_INFOPLIST_FILE = YES;
				LD_RUNPATH_SEARCH_PATHS = (
					"$(inherited)",
					"@executable_path/Frameworks",
					"@loader_path/Frameworks",
				);
				MARKETING_VERSION = 1.0;
				PRODUCT_BUNDLE_IDENTIFIER = com.jdvarney.bookEUITests;
				PRODUCT_NAME = "$(TARGET_NAME)";
				SWIFT_EMIT_LOC_STRINGS = NO;
				SWIFT_VERSION = 5.0;
				TARGETED_DEVICE_FAMILY = "1,2";
				TEST_TARGET_NAME = bookE;
			};
			name = Debug;
		};
		282A91D8273C429A00C42745 /* Release */ = {
			isa = XCBuildConfiguration;
			buildSettings = {
				ALWAYS_EMBED_SWIFT_STANDARD_LIBRARIES = YES;
				CODE_SIGN_STYLE = Automatic;
				CURRENT_PROJECT_VERSION = 1;
				DEVELOPMENT_TEAM = WWF5QT5KNU;
				GENERATE_INFOPLIST_FILE = YES;
				LD_RUNPATH_SEARCH_PATHS = (
					"$(inherited)",
					"@executable_path/Frameworks",
					"@loader_path/Frameworks",
				);
				MARKETING_VERSION = 1.0;
				PRODUCT_BUNDLE_IDENTIFIER = com.jdvarney.bookEUITests;
				PRODUCT_NAME = "$(TARGET_NAME)";
				SWIFT_EMIT_LOC_STRINGS = NO;
				SWIFT_VERSION = 5.0;
				TARGETED_DEVICE_FAMILY = "1,2";
				TEST_TARGET_NAME = bookE;
			};
			name = Release;
		};
/* End XCBuildConfiguration section */

/* Begin XCConfigurationList section */
		2827DF3527498998006CEB12 /* Build configuration list for PBXNativeTarget "bookEUnitTests" */ = {
			isa = XCConfigurationList;
			buildConfigurations = (
				2827DF3627498998006CEB12 /* Debug */,
				2827DF3727498998006CEB12 /* Release */,
			);
			defaultConfigurationIsVisible = 0;
			defaultConfigurationName = Release;
		};
		282A91A7273C429900C42745 /* Build configuration list for PBXProject "bookE" */ = {
			isa = XCConfigurationList;
			buildConfigurations = (
				282A91CE273C429A00C42745 /* Debug */,
				282A91CF273C429A00C42745 /* Release */,
			);
			defaultConfigurationIsVisible = 0;
			defaultConfigurationName = Release;
		};
		282A91D0273C429A00C42745 /* Build configuration list for PBXNativeTarget "bookE" */ = {
			isa = XCConfigurationList;
			buildConfigurations = (
				282A91D1273C429A00C42745 /* Debug */,
				282A91D2273C429A00C42745 /* Release */,
			);
			defaultConfigurationIsVisible = 0;
			defaultConfigurationName = Release;
		};
		282A91D3273C429A00C42745 /* Build configuration list for PBXNativeTarget "bookETests" */ = {
			isa = XCConfigurationList;
			buildConfigurations = (
				282A91D4273C429A00C42745 /* Debug */,
				282A91D5273C429A00C42745 /* Release */,
			);
			defaultConfigurationIsVisible = 0;
			defaultConfigurationName = Release;
		};
		282A91D6273C429A00C42745 /* Build configuration list for PBXNativeTarget "bookEUITests" */ = {
			isa = XCConfigurationList;
			buildConfigurations = (
				282A91D7273C429A00C42745 /* Debug */,
				282A91D8273C429A00C42745 /* Release */,
			);
			defaultConfigurationIsVisible = 0;
			defaultConfigurationName = Release;
		};
/* End XCConfigurationList section */

/* Begin XCVersionGroup section */
		282A91D9273C433200C42745 /* Main.xcdatamodeld */ = {
			isa = XCVersionGroup;
			children = (
				282A91DA273C433200C42745 /* Main.xcdatamodel */,
			);
			currentVersion = 282A91DA273C433200C42745 /* Main.xcdatamodel */;
			path = Main.xcdatamodeld;
			sourceTree = "<group>";
			versionGroupType = wrapper.xcdatamodel;
		};
/* End XCVersionGroup section */
	};
	rootObject = 282A91A4273C429900C42745 /* Project object */;
}
